
Microsoft Visual Studio Solution File, Format Version 12.00
# Visual Studio 15
VisualStudioVersion = 15.0.28307.572
MinimumVisualStudioVersion = 10.0.40219.1
Project("{FAE04EC0-301F-11D3-BF4B-00C04F79EFBC}") = "NovelSpider", "NovelSpider\NovelSpider.csproj", "{A3D4A270-45E6-4682-B11D-881C97724D2D}"
EndProject
Project("{FAE04EC0-301F-11D3-BF4B-00C04F79EFBC}") = "NovelSpider.Framework", "NovelSpider.Framework\NovelSpider.Framework.csproj", "{332B8F67-6D46-4725-901A-AC627D2473FB}"
EndProject
Project("{FAE04EC0-301F-11D3-BF4B-00C04F79EFBC}") = "NovelSpider.Crawler.IService", "NovelSpider.Crawler.IService\NovelSpider.Crawler.IService.csproj", "{8F9193D2-C9DC-4F7F-B112-E060284C31CF}"
EndProject
Project("{FAE04EC0-301F-11D3-BF4B-00C04F79EFBC}") = "NovelSpider.Crawler.Service", "NovelSpider.Crawler.Service\NovelSpider.Crawler.Service.csproj", "{B0037B26-1497-4BEC-ACC9-01C00070B404}"
EndProject
Project("{FAE04EC0-301F-11D3-BF4B-00C04F79EFBC}") = "NovelSpider.Model", "NovelSpider.Model\NovelSpider.Model.csproj", "{DFC66E9C-DAB5-4C49-B194-A962CDC73348}"
EndProject
Global
	GlobalSection(SolutionConfigurationPlatforms) = preSolution
		Debug|Any CPU = Debug|Any CPU
		Release|Any CPU = Release|Any CPU
	EndGlobalSection
	GlobalSection(ProjectConfigurationPlatforms) = postSolution
		{A3D4A270-45E6-4682-B11D-881C97724D2D}.Debug|Any CPU.ActiveCfg = Debug|Any CPU
		{A3D4A270-45E6-4682-B11D-881C97724D2D}.Debug|Any CPU.Build.0 = Debug|Any CPU
		{A3D4A270-45E6-4682-B11D-881C97724D2D}.Release|Any CPU.ActiveCfg = Release|Any CPU
		{A3D4A270-45E6-4682-B11D-881C97724D2D}.Release|Any CPU.Build.0 = Release|Any CPU
		{332B8F67-6D46-4725-901A-AC627D2473FB}.Debug|Any CPU.ActiveCfg = Debug|Any CPU
		{332B8F67-6D46-4725-901A-AC627D2473FB}.Debug|Any CPU.Build.0 = Debug|Any CPU
		{332B8F67-6D46-4725-901A-AC627D2473FB}.Release|Any CPU.ActiveCfg = Release|Any CPU
		{332B8F67-6D46-4725-901A-AC627D2473FB}.Release|Any CPU.Build.0 = Release|Any CPU
		{8F9193D2-C9DC-4F7F-B112-E060284C31CF}.Debug|Any CPU.ActiveCfg = Debug|Any CPU
		{8F9193D2-C9DC-4F7F-B112-E060284C31CF}.Debug|Any CPU.Build.0 = Debug|Any CPU
		{8F9193D2-C9DC-4F7F-B112-E060284C31CF}.Release|Any CPU.ActiveCfg = Release|Any CPU
		{8F9193D2-C9DC-4F7F-B112-E060284C31CF}.Release|Any CPU.Build.0 = Release|Any CPU
		{B0037B26-1497-4BEC-ACC9-01C00070B404}.Debug|Any CPU.ActiveCfg = Debug|Any CPU
		{B0037B26-1497-4BEC-ACC9-01C00070B404}.Debug|Any CPU.Build.0 = Debug|Any CPU
		{B0037B26-1497-4BEC-ACC9-01C00070B404}.Release|Any CPU.ActiveCfg = Release|Any CPU
		{B0037B26-1497-4BEC-ACC9-01C00070B404}.Release|Any CPU.Build.0 = Release|Any CPU
		{DFC66E9C-DAB5-4C49-B194-A962CDC73348}.Debug|Any CPU.ActiveCfg = Debug|Any CPU
		{DFC66E9C-DAB5-4C49-B194-A962CDC73348}.Debug|Any CPU.Build.0 = Debug|Any CPU
		{DFC66E9C-DAB5-4C49-B194-A962CDC73348}.Release|Any CPU.ActiveCfg = Release|Any CPU
		{DFC66E9C-DAB5-4C49-B194-A962CDC73348}.Release|Any CPU.Build.0 = Release|Any CPU
	EndGlobalSection
	GlobalSection(SolutionProperties) = preSolution
		HideSolutionNode = FALSE
	EndGlobalSection
	GlobalSection(ExtensibilityGlobals) = postSolution
		SolutionGuid = {EADD48BF-4C5E-49C0-9B9D-001C6BBE7503}
	EndGlobalSection
EndGlobal
